// !$*UTF8*$!
{
	archiveVersion = 1;
	classes = {
	};
	objectVersion = 46;
	objects = {

/* Begin PBXBuildFile section */
		14A8F3391B3AD2D10019CC25 /* BlockAndDelegate.m in Sources */ = {isa = PBXBuildFile; fileRef = 14A8F3381B3AD2D10019CC25 /* BlockAndDelegate.m */; };
		14DD2FA41B29A0FA0037CF8A /* main.m in Sources */ = {isa = PBXBuildFile; fileRef = 14DD2FA31B29A0FA0037CF8A /* main.m */; };
		14DD2FA71B29A0FA0037CF8A /* AppDelegate.m in Sources */ = {isa = PBXBuildFile; fileRef = 14DD2FA61B29A0FA0037CF8A /* AppDelegate.m */; };
		14DD2FAA1B29A0FA0037CF8A /* ViewController.m in Sources */ = {isa = PBXBuildFile; fileRef = 14DD2FA91B29A0FA0037CF8A /* ViewController.m */; };
		14DD2FAD1B29A0FA0037CF8A /* Main.storyboard in Resources */ = {isa = PBXBuildFile; fileRef = 14DD2FAB1B29A0FA0037CF8A /* Main.storyboard */; };
		14DD2FAF1B29A0FA0037CF8A /* Images.xcassets in Resources */ = {isa = PBXBuildFile; fileRef = 14DD2FAE1B29A0FA0037CF8A /* Images.xcassets */; };
		14DD2FB21B29A0FA0037CF8A /* LaunchScreen.xib in Resources */ = {isa = PBXBuildFile; fileRef = 14DD2FB01B29A0FA0037CF8A /* LaunchScreen.xib */; };
		14DD2FBE1B29A0FA0037CF8A /* BLEManageTests.m in Sources */ = {isa = PBXBuildFile; fileRef = 14DD2FBD1B29A0FA0037CF8A /* BLEManageTests.m */; };
/* End PBXBuildFile section */

/* Begin PBXContainerItemProxy section */
		14DD2FB81B29A0FA0037CF8A /* PBXContainerItemProxy */ = {
			isa = PBXContainerItemProxy;
			containerPortal = 14DD2F961B29A0FA0037CF8A /* Project object */;
			proxyType = 1;
			remoteGlobalIDString = 14DD2F9D1B29A0FA0037CF8A;
			remoteInfo = BLEManage;
		};
/* End PBXContainerItemProxy section */

/* Begin PBXFileReference section */
		14A8F3371B3AD2D10019CC25 /* BlockAndDelegate.h */ = {isa = PBXFileReference; fileEncoding = 4; lastKnownFileType = sourcecode.c.h; path = BlockAndDelegate.h; sourceTree = "<group>"; };
		14A8F3381B3AD2D10019CC25 /* BlockAndDelegate.m */ = {isa = PBXFileReference; fileEncoding = 4; lastKnownFileType = sourcecode.c.objc; path = BlockAndDelegate.m; sourceTree = "<group>"; };
		14DD2F9E1B29A0FA0037CF8A /* BLEManage.app */ = {isa = PBXFileReference; explicitFileType = wrapper.application; includeInIndex = 0; path = BLEManage.app; sourceTree = BUILT_PRODUCTS_DIR; };
		14DD2FA21B29A0FA0037CF8A /* Info.plist */ = {isa = PBXFileReference; lastKnownFileType = text.plist.xml; path = Info.plist; sourceTree = "<group>"; };
		14DD2FA31B29A0FA0037CF8A /* main.m */ = {isa = PBXFileReference; lastKnownFileType = sourcecode.c.objc; path = main.m; sourceTree = "<group>"; };
		14DD2FA51B29A0FA0037CF8A /* AppDelegate.h */ = {isa = PBXFileReference; lastKnownFileType = sourcecode.c.h; path = AppDelegate.h; sourceTree = "<group>"; };
		14DD2FA61B29A0FA0037CF8A /* AppDelegate.m */ = {isa = PBXFileReference; lastKnownFileType = sourcecode.c.objc; path = AppDelegate.m; sourceTree = "<group>"; };
		14DD2FA81B29A0FA0037CF8A /* ViewController.h */ = {isa = PBXFileReference; lastKnownFileType = sourcecode.c.h; path = ViewController.h; sourceTree = "<group>"; };
		14DD2FA91B29A0FA0037CF8A /* ViewController.m */ = {isa = PBXFileReference; lastKnownFileType = sourcecode.c.objc; path = ViewController.m; sourceTree = "<group>"; };
		14DD2FAC1B29A0FA0037CF8A /* Base */ = {isa = PBXFileReference; lastKnownFileType = file.storyboard; name = Base; path = Base.lproj/Main.storyboard; sourceTree = "<group>"; };
		14DD2FAE1B29A0FA0037CF8A /* Images.xcassets */ = {isa = PBXFileReference; lastKnownFileType = folder.assetcatalog; path = Images.xcassets; sourceTree = "<group>"; };
		14DD2FB11B29A0FA0037CF8A /* Base */ = {isa = PBXFileReference; lastKnownFileType = file.xib; name = Base; path = Base.lproj/LaunchScreen.xib; sourceTree = "<group>"; };
		14DD2FB71B29A0FA0037CF8A /* BLEManageTests.xctest */ = {isa = PBXFileReference; explicitFileType = wrapper.cfbundle; includeInIndex = 0; path = BLEManageTests.xctest; sourceTree = BUILT_PRODUCTS_DIR; };
		14DD2FBC1B29A0FA0037CF8A /* Info.plist */ = {isa = PBXFileReference; lastKnownFileType = text.plist.xml; path = Info.plist; sourceTree = "<group>"; };
		14DD2FBD1B29A0FA0037CF8A /* BLEManageTests.m */ = {isa = PBXFileReference; lastKnownFileType = sourcecode.c.objc; path = BLEManageTests.m; sourceTree = "<group>"; };
/* End PBXFileReference section */

/* Begin PBXFrameworksBuildPhase section */
		14DD2F9B1B29A0FA0037CF8A /* Frameworks */ = {
			isa = PBXFrameworksBuildPhase;
			buildActionMask = 2147483647;
			files = (
			);
			runOnlyForDeploymentPostprocessing = 0;
		};
		14DD2FB41B29A0FA0037CF8A /* Frameworks */ = {
			isa = PBXFrameworksBuildPhase;
			buildActionMask = 2147483647;
			files = (
			);
			runOnlyForDeploymentPostprocessing = 0;
		};
/* End PBXFrameworksBuildPhase section */

/* Begin PBXGroup section */
		14DD2F951B29A0FA0037CF8A = {
			isa = PBXGroup;
			children = (
				14A8F3371B3AD2D10019CC25 /* BlockAndDelegate.h */,
				14A8F3381B3AD2D10019CC25 /* BlockAndDelegate.m */,
				14DD2FA01B29A0FA0037CF8A /* BLEManage */,
				14DD2FBA1B29A0FA0037CF8A /* BLEManageTests */,
				14DD2F9F1B29A0FA0037CF8A /* Products */,
			);
			sourceTree = "<group>";
		};
		14DD2F9F1B29A0FA0037CF8A /* Products */ = {
			isa = PBXGroup;
			children = (
				14DD2F9E1B29A0FA0037CF8A /* BLEManage.app */,
				14DD2FB71B29A0FA0037CF8A /* BLEManageTests.xctest */,
			);
			name = Products;
			sourceTree = "<group>";
		};
		14DD2FA01B29A0FA0037CF8A /* BLEManage */ = {
			isa = PBXGroup;
			children = (
				14DD2FA51B29A0FA0037CF8A /* AppDelegate.h */,
				14DD2FA61B29A0FA0037CF8A /* AppDelegate.m */,
				14DD2FA81B29A0FA0037CF8A /* ViewController.h */,
				14DD2FA91B29A0FA0037CF8A /* ViewController.m */,
				14DD2FAB1B29A0FA0037CF8A /* Main.storyboard */,
				14DD2FAE1B29A0FA0037CF8A /* Images.xcassets */,
				14DD2FB01B29A0FA0037CF8A /* LaunchScreen.xib */,
				14DD2FA11B29A0FA0037CF8A /* Supporting Files */,
			);
			path = BLEManage;
			sourceTree = "<group>";
		};
		14DD2FA11B29A0FA0037CF8A /* Supporting Files */ = {
			isa = PBXGroup;
			children = (
				14DD2FA21B29A0FA0037CF8A /* Info.plist */,
				14DD2FA31B29A0FA0037CF8A /* main.m */,
			);
			name = "Supporting Files";
			sourceTree = "<group>";
		};
		14DD2FBA1B29A0FA0037CF8A /* BLEManageTests */ = {
			isa = PBXGroup;
			children = (
				14DD2FBD1B29A0FA0037CF8A /* BLEManageTests.m */,
				14DD2FBB1B29A0FA0037CF8A /* Supporting Files */,
			);
			path = BLEManageTests;
			sourceTree = "<group>";
		};
		14DD2FBB1B29A0FA0037CF8A /* Supporting Files */ = {
			isa = PBXGroup;
			children = (
				14DD2FBC1B29A0FA0037CF8A /* Info.plist */,
			);
			name = "Supporting Files";
			sourceTree = "<group>";
		};
/* End PBXGroup section */

/* Begin PBXNativeTarget section */
		14DD2F9D1B29A0FA0037CF8A /* BLEManage */ = {
			isa = PBXNativeTarget;
			buildConfigurationList = 14DD2FC11B29A0FA0037CF8A /* Build configuration list for PBXNativeTarget "BLEManage" */;
			buildPhases = (
				14DD2F9A1B29A0FA0037CF8A /* Sources */,
				14DD2F9B1B29A0FA0037CF8A /* Frameworks */,
				14DD2F9C1B29A0FA0037CF8A /* Resources */,
			);
			buildRules = (
			);
			dependencies = (
			);
			name = BLEManage;
			productName = BLEManage;
			productReference = 14DD2F9E1B29A0FA0037CF8A /* BLEManage.app */;
			productType = "com.apple.product-type.application";
		};
		14DD2FB61B29A0FA0037CF8A /* BLEManageTests */ = {
			isa = PBXNativeTarget;
			buildConfigurationList = 14DD2FC41B29A0FA0037CF8A /* Build configuration list for PBXNativeTarget "BLEManageTests" */;
			buildPhases = (
				14DD2FB31B29A0FA0037CF8A /* Sources */,
				14DD2FB41B29A0FA0037CF8A /* Frameworks */,
				14DD2FB51B29A0FA0037CF8A /* Resources */,
			);
			buildRules = (
			);
			dependencies = (
				14DD2FB91B29A0FA0037CF8A /* PBXTargetDependency */,
			);
			name = BLEManageTests;
			productName = BLEManageTests;
			productReference = 14DD2FB71B29A0FA0037CF8A /* BLEManageTests.xctest */;
			productType = "com.apple.product-type.bundle.unit-test";
		};
/* End PBXNativeTarget section */

/* Begin PBXProject section */
		14DD2F961B29A0FA0037CF8A /* Project object */ = {
			isa = PBXProject;
			attributes = {
				LastUpgradeCheck = 0630;
				ORGANIZATIONNAME = lifu;
				TargetAttributes = {
					14DD2F9D1B29A0FA0037CF8A = {
						CreatedOnToolsVersion = 6.3.2;
					};
					14DD2FB61B29A0FA0037CF8A = {
						CreatedOnToolsVersion = 6.3.2;
						TestTargetID = 14DD2F9D1B29A0FA0037CF8A;
					};
				};
			};
			buildConfigurationList = 14DD2F991B29A0FA0037CF8A /* Build configuration list for PBXProject "BLEManage" */;
			compatibilityVersion = "Xcode 3.2";
			developmentRegion = English;
			hasScannedForEncodings = 0;
			knownRegions = (
				en,
				Base,
			);
			mainGroup = 14DD2F951B29A0FA0037CF8A;
			productRefGroup = 14DD2F9F1B29A0FA0037CF8A /* Products */;
			projectDirPath = "";
			projectRoot = "";
			targets = (
				14DD2F9D1B29A0FA0037CF8A /* BLEManage */,
				14DD2FB61B29A0FA0037CF8A /* BLEManageTests */,
			);
		};
/* End PBXProject section */

/* Begin PBXResourcesBuildPhase section */
		14DD2F9C1B29A0FA0037CF8A /* Resources */ = {
			isa = PBXResourcesBuildPhase;
			buildActionMask = 2147483647;
			files = (
				14DD2FAD1B29A0FA0037CF8A /* Main.storyboard in Resources */,
				14DD2FB21B29A0FA0037CF8A /* LaunchScreen.xib in Resources */,
				14DD2FAF1B29A0FA0037CF8A /* Images.xcassets in Resources */,
			);
			runOnlyForDeploymentPostprocessing = 0;
		};
		14DD2FB51B29A0FA0037CF8A /* Resources */ = {
			isa = PBXResourcesBuildPhase;
			buildActionMask = 2147483647;
			files = (
			);
			runOnlyForDeploymentPostprocessing = 0;
		};
/* End PBXResourcesBuildPhase section */

/* Begin PBXSourcesBuildPhase section */
		14DD2F9A1B29A0FA0037CF8A /* Sources */ = {
			isa = PBXSourcesBuildPhase;
			buildActionMask = 2147483647;
			files = (
				14DD2FAA1B29A0FA0037CF8A /* ViewController.m in Sources */,
				14DD2FA71B29A0FA0037CF8A /* AppDelegate.m in Sources */,
				14A8F3391B3AD2D10019CC25 /* BlockAndDelegate.m in Sources */,
				14DD2FA41B29A0FA0037CF8A /* main.m in Sources */,
			);
			runOnlyForDeploymentPostprocessing = 0;
		};
		14DD2FB31B29A0FA0037CF8A /* Sources */ = {
			isa = PBXSourcesBuildPhase;
			buildActionMask = 2147483647;
			files = (
				14DD2FBE1B29A0FA0037CF8A /* BLEManageTests.m in Sources */,
			);
			runOnlyForDeploymentPostprocessing = 0;
		};
/* End PBXSourcesBuildPhase section */

/* Begin PBXTargetDependency section */
		14DD2FB91B29A0FA0037CF8A /* PBXTargetDependency */ = {
			isa = PBXTargetDependency;
			target = 14DD2F9D1B29A0FA0037CF8A /* BLEManage */;
			targetProxy = 14DD2FB81B29A0FA0037CF8A /* PBXContainerItemProxy */;
		};
/* End PBXTargetDependency section */

/* Begin PBXVariantGroup section */
		14DD2FAB1B29A0FA0037CF8A /* Main.storyboard */ = {
			isa = PBXVariantGroup;
			children = (
				14DD2FAC1B29A0FA0037CF8A /* Base */,
			);
			name = Main.storyboard;
			sourceTree = "<group>";
		};
		14DD2FB01B29A0FA0037CF8A /* LaunchScreen.xib */ = {
			isa = PBXVariantGroup;
			children = (
				14DD2FB11B29A0FA0037CF8A /* Base */,
			);
			name = LaunchScreen.xib;
			sourceTree = "<group>";
		};
/* End PBXVariantGroup section */

/* Begin XCBuildConfiguration section */
		14DD2FBF1B29A0FA0037CF8A /* Debug */ = {
			isa = XCBuildConfiguration;
			buildSettings = {
				ALWAYS_SEARCH_USER_PATHS = NO;
				CLANG_CXX_LANGUAGE_STANDARD = "gnu++0x";
				CLANG_CXX_LIBRARY = "libc++";
				CLANG_ENABLE_MODULES = YES;
				CLANG_ENABLE_OBJC_ARC = YES;
				CLANG_WARN_BOOL_CONVERSION = YES;
				CLANG_WARN_CONSTANT_CONVERSION = YES;
				CLANG_WARN_DIRECT_OBJC_ISA_USAGE = YES_ERROR;
				CLANG_WARN_EMPTY_BODY = YES;
				CLANG_WARN_ENUM_CONVERSION = YES;
				CLANG_WARN_INT_CONVERSION = YES;
				CLANG_WARN_OBJC_ROOT_CLASS = YES_ERROR;
				CLANG_WARN_UNREACHABLE_CODE = YES;
				CLANG_WARN__DUPLICATE_METHOD_MATCH = YES;
				"CODE_SIGN_IDENTITY[sdk=iphoneos*]" = "iPhone Developer";
				COPY_PHASE_STRIP = NO;
				DEBUG_INFORMATION_FORMAT = "dwarf-with-dsym";
				ENABLE_STRICT_OBJC_MSGSEND = YES;
				GCC_C_LANGUAGE_STANDARD = gnu99;
				GCC_DYNAMIC_NO_PIC = NO;
				GCC_NO_COMMON_BLOCKS = YES;
				GCC_OPTIMIZATION_LEVEL = 0;
				GCC_PREPROCESSOR_DEFINITIONS = (
					"DEBUG=1",
					"$(inherited)",
				);
				GCC_SYMBOLS_PRIVATE_EXTERN = NO;
				GCC_WARN_64_TO_32_BIT_CONVERSION = YES;
				GCC_WARN_ABOUT_RETURN_TYPE = YES_ERROR;
				GCC_WARN_UNDECLARED_SELECTOR = YES;
				GCC_WARN_UNINITIALIZED_AUTOS = YES_AGGRESSIVE;
				GCC_WARN_UNUSED_FUNCTION = YES;
				GCC_WARN_UNUSED_VARIABLE = YES;
				IPHONEOS_DEPLOYMENT_TARGET = 8.3;
				MTL_ENABLE_DEBUG_INFO = YES;
				ONLY_ACTIVE_ARCH = YES;
				SDKROOT = iphoneos;
			};
			name = Debug;
		};
		14DD2FC01B29A0FA0037CF8A /* Release */ = {
			isa = XCBuildConfiguration;
			buildSettings = {
				ALWAYS_SEARCH_USER_PATHS = NO;
				CLANG_CXX_LANGUAGE_STANDARD = "gnu++0x";
				CLANG_CXX_LIBRARY = "libc++";
				CLANG_ENABLE_MODULES = YES;
				CLANG_ENABLE_OBJC_ARC = YES;
				CLANG_WARN_BOOL_CONVERSION = YES;
				CLANG_WARN_CONSTANT_CONVERSION = YES;
				CLANG_WARN_DIRECT_OBJC_ISA_USAGE = YES_ERROR;
				CLANG_WARN_EMPTY_BODY = YES;
				CLANG_WARN_ENUM_CONVERSION = YES;
				CLANG_WARN_INT_CONVERSION = YES;
				CLANG_WARN_OBJC_ROOT_CLASS = YES_ERROR;
				CLANG_WARN_UNREACHABLE_CODE = YES;
				CLANG_WARN__DUPLICATE_METHOD_MATCH = YES;
				"CODE_SIGN_IDENTITY[sdk=iphoneos*]" = "iPhone Developer";
				COPY_PHASE_STRIP = NO;
				DEBUG_INFORMATION_FORMAT = "dwarf-with-dsym";
				ENABLE_NS_ASSERTIONS = NO;
				ENABLE_STRICT_OBJC_MSGSEND = YES;
				GCC_C_LANGUAGE_STANDARD = gnu99;
				GCC_NO_COMMON_BLOCKS = YES;
				GCC_WARN_64_TO_32_BIT_CONVERSION = YES;
				GCC_WARN_ABOUT_RETURN_TYPE = YES_ERROR;
				GCC_WARN_UNDECLARED_SELECTOR = YES;
				GCC_WARN_UNINITIALIZED_AUTOS = YES_AGGRESSIVE;
				GCC_WARN_UNUSED_FUNCTION = YES;
				GCC_WARN_UNUSED_VARIABLE = YES;
				IPHONEOS_DEPLOYMENT_TARGET = 8.3;
				MTL_ENABLE_DEBUG_INFO = NO;
				SDKROOT = iphoneos;
				VALIDATE_PRODUCT = YES;
			};
			name = Release;
		};
		14DD2FC21B29A0FA0037CF8A /* Debug */ = {
			isa = XCBuildConfiguration;
			buildSettings = {
				ASSETCATALOG_COMPILER_APPICON_NAME = AppIcon;
				INFOPLIST_FILE = BLEManage/Info.plist;
				LD_RUNPATH_SEARCH_PATHS = "$(inherited) @executable_path/Frameworks";
				PRODUCT_NAME = "$(TARGET_NAME)";
			};
			name = Debug;
		};
		14DD2FC31B29A0FA0037CF8A /* Release */ = {
			isa = XCBuildConfiguration;
			buildSettings = {
				ASSETCATALOG_COMPILER_APPICON_NAME = AppIcon;
				INFOPLIST_FILE = BLEManage/Info.plist;
				LD_RUNPATH_SEARCH_PATHS = "$(inherited) @executable_path/Frameworks";
				PRODUCT_NAME = "$(TARGET_NAME)";
			};
			name = Release;
		};
		14DD2FC51B29A0FA0037CF8A /* Debug */ = {
			isa = XCBuildConfiguration;
			buildSettings = {
				BUNDLE_LOADER = "$(TEST_HOST)";
				FRAMEWORK_SEARCH_PATHS = (
					"$(SDKROOT)/Developer/Library/Frameworks",
					"$(inherited)",
				);
				GCC_PREPROCESSOR_DEFINITIONS = (
					"DEBUG=1",
					"$(inherited)",
				);
				INFOPLIST_FILE = BLEManageTests/Info.plist;
				LD_RUNPATH_SEARCH_PATHS = "$(inherited) @executable_path/Frameworks @loader_path/Frameworks";
				PRODUCT_NAME = "$(TARGET_NAME)";
				TEST_HOST = "$(BUILT_PRODUCTS_DIR)/BLEManage.app/BLEManage";
			};
			name = Debug;
		};
		14DD2FC61B29A0FA0037CF8A /* Release */ = {
			isa = XCBuildConfiguration;
			buildSettings = {
				BUNDLE_LOADER = "$(TEST_HOST)";
				FRAMEWORK_SEARCH_PATHS = (
					"$(SDKROOT)/Developer/Library/Frameworks",
					"$(inherited)",
				);
				INFOPLIST_FILE = BLEManageTests/Info.plist;
				LD_RUNPATH_SEARCH_PATHS = "$(inherited) @executable_path/Frameworks @loader_path/Frameworks";
				PRODUCT_NAME = "$(TARGET_NAME)";
				TEST_HOST = "$(BUILT_PRODUCTS_DIR)/BLEManage.app/BLEManage";
			};
			name = Release;
		};
/* End XCBuildConfiguration section */

/* Begin XCConfigurationList section */
		14DD2F991B29A0FA0037CF8A /* Build configuration list for PBXProject "BLEManage" */ = {
			isa = XCConfigurationList;
			buildConfigurations = (
				14DD2FBF1B29A0FA0037CF8A /* Debug */,
				14DD2FC01B29A0FA0037CF8A /* Release */,
			);
			defaultConfigurationIsVisible = 0;
			defaultConfigurationName = Release;
		};
		14DD2FC11B29A0FA0037CF8A /* Build configuration list for PBXNativeTarget "BLEManage" */ = {
			isa = XCConfigurationList;
			buildConfigurations = (
				14DD2FC21B29A0FA0037CF8A /* Debug */,
				14DD2FC31B29A0FA0037CF8A /* Release */,
			);
			defaultConfigurationIsVisible = 0;
			defaultConfigurationName = Release;
		};
		14DD2FC41B29A0FA0037CF8A /* Build configuration list for PBXNativeTarget "BLEManageTests" */ = {
			isa = XCConfigurationList;
			buildConfigurations = (
				14DD2FC51B29A0FA0037CF8A /* Debug */,
				14DD2FC61B29A0FA0037CF8A /* Release */,
			);
			defaultConfigurationIsVisible = 0;
			defaultConfigurationName = Release;
		};
/* End XCConfigurationList section */
	};
	rootObject = 14DD2F961B29A0FA0037CF8A /* Project object */;
}
